lockfileVersion: '9.0'

settings:
  autoInstallPeers: true
  excludeLinksFromLockfile: false

importers:

  .:
    devDependencies:
      '@biomejs/biome':
        specifier: ^2.5.6
        version: 2.5.7
      turbo:
        specifier: ^2.10.8
        version: 2.10.8
      typescript:
        specifier: 5.9.2
        version: 5.9.2
      ultracite:
        specifier: 7.2.4
        version: 7.2.4

packages:

  '@biomejs/biome@2.5.7':
    resolution: {integrity: sha512-zr8K/DcY5tYsQOQwqMJ0AWElo6QgmgNI7idXgXLhevVszlt8RGVpesEJPqx3ThazLaOwjJ5Y8fz3BtH5fGZNsw==}
    engines: {node: '>=14.21.3'}
    hasBin: true

  '@biomejs/cli-darwin-arm64@2.5.7':
    resolution: {integrity: sha512-vxo/Ls3/PYdQWyLhYYcgMOCzQypAjcY+iihS8M0wW03l16TCLW4zqZzGo75gm1VdCMj38hTVZ31KBWrZ4G9dJw==}
    engines: {node: '>=14.21.3'}
    cpu: [arm64]
    os: [darwin]

  '@biomejs/cli-darwin-x64@2.5.7':
    resolution: {integrity: sha512-Cd3Ga61amT/Yl/0x8elP5hhGYaFy4bw6WuysTgf7oo8TA5tJ5A1k+DkVoJ2BHbTVil51gTX9VPzArnrlLJ3Kyg==}
    engines: {node: '>=14.21.3'}
    cpu: [x64]
    os: [darwin]

  '@biomejs/cli-linux-arm64-musl@2.5.7':
    resolution: {integrity: sha512-xPI5yB6XlpDbNkS+bm1t42olw5c4l3UrlOmLg7KtLJvjvkNF/1V4tnUgfkylGIeb3u/T+BzMGYqgQhzjAoJzuQ==}
    engines: {node: '>=14.21.3'}
    cpu: [arm64]
    os: [linux]

  '@biomejs/cli-linux-arm64@2.5.7':
    resolution: {integrity: sha512-rR2QE0yF2GYSuYuKIa7pKvODGJqnOH+2eDREAM8wV+mWKSkMQKdAp4zXEZfTaxY8PMoNONnpgSWcBCyLDPDOKg==}
    engines: {node: '>=14.21.3'}
    cpu: [arm64]
    os: [linux]

  '@biomejs/cli-linux-x64-musl@2.5.7':
    resolution: {integrity: sha512-rE5VZi+qtmPgQH+l7jVxYoZ18b/TiHEhulhMpjmCZH1PltSbjRcxNWywC3HZ9tYottG7ORkeTtoscBilKSBm0g==}
    engines: {node: '>=14.21.3'}
    cpu: [x64]
    os: [linux]

  '@biomejs/cli-linux-x64@2.5.7':
    resolution: {integrity: sha512-FQgqJhscrqJUFptGaRSUJWlXAExwWcDwLuK49dvKfkQ1bB5SEEyFssnsxQY83Xm6jR0EbbX3+8+D5bfvYqUG2Q==}
    engines: {node: '>=14.21.3'}
    cpu: [x64]
    os: [linux]

  '@biomejs/cli-win32-arm64@2.5.7':
    resolution: {integrity: sha512-Oq4x0CCwP4jirrcTywXs5kOGZ4v5vuEP+gWrbtjApOA2CL9F3F9GlIdQIci8AKSCa/zURanMRpX/4wQ7Am6hHg==}
    engines: {node: '>=14.21.3'}
    cpu: [arm64]
    os: [win32]

  '@biomejs/cli-win32-x64@2.5.7':
    resolution: {integrity: sha512-V+0wu/nrj2S+MhP4EQ0uHNolP0IALEsz45pg0WoKkHfDeh0+ItHwP/p7bX5RPoMOl9NkpHYWdYPhIcy2mACHvQ==}
    engines: {node: '>=14.21.3'}
    cpu: [x64]
    os: [win32]

  '@clack/core@1.4.3':
    resolution: {integrity: sha512-/kr3UWNtdJfxZtPgDqUOmG2pvwlmcLGheex5yiZKdwbzZJxhV+HMNR9QNmyY5cGwTNV6LrR7Jtp+KjhUAP1qBQ==}
    engines: {node: '>= 20.12.0'}

  '@clack/prompts@1.7.0':
    resolution: {integrity: sha512-y7/yvZ2TPAnR9+jnc00klvNNLkJiXFFrQA/hlLCcxA9a2A4zQIOimyFQ9XfwYKiGD1fb5GY8vbKIIgO8d5Tb2A==}
    engines: {node: '>= 20.12.0'}

  '@turbo/darwin-64@2.10.8':
    resolution: {integrity: sha512-po+7rfJfUnFXjWlcoN2RwhErgzCdRtBc1T26vYPcywHlggmCQiQe1uWaE4j+BibI2uY9/2pDoFzMN0rmSaPFOw==}
    cpu: [x64]
    os: [darwin]

  '@turbo/darwin-arm64@2.10.8':
    resolution: {integrity: sha512-+zB2btDJ00lnPRuqOvpVvgl4x34k/djZQGZTTCfjn7JgNCl8QFY5Njo5+dqkY1g/+9gbbsnAvWm9CmJg9ebcXA==}
    cpu: [arm64]
    os: [darwin]

  '@turbo/linux-64@2.10.8':
    resolution: {integrity: sha512-K1dxqiVisyN7cViVsfQLs6xscQbYuI8aO2nbUhFURDACgEDfZRdP/b4CCxeosBJpcMfhYyiibWqJorCnvz9kKg==}
    cpu: [x64]
    os: [android, linux]

  '@turbo/linux-arm64@2.10.8':
    resolution: {integrity: sha512-Gi77ibVnrE1fEmvr+/wBD/yvRqhwp/RQuCp2+//lv1U1wNFFyVg0V7Wj8FG9FXPFAw5QHReo8rxc9+wBSDZjzA==}
    cpu: [arm64]
    os: [android, linux]

  '@turbo/windows-64@2.10.8':
    resolution: {integrity: sha512-znnLO1haJPYTHoKMKwlAvlkjRiYbbhBzME6wIGaMd+fwir23U6jVd1ecaTWWi1fbnRVqxMfgDBKseQ/hLKb83g==}
    cpu: [x64]
    os: [win32]

  '@turbo/windows-arm64@2.10.8':
    resolution: {integrity: sha512-VN30vh3b3Czh2WzYHNTfF1FE0YMZ5aHsLO8dBMGHJewA6792wX6iJR8ZxlzFW6WdOu0gEAKIvlYhfyT81Wkm4Q==}
    cpu: [arm64]
    os: [win32]

  balanced-match@4.0.4:
    resolution: {integrity: sha512-BLrgEcRTwX2o6gGxGOCNyMvGSp35YofuYzw9h1IMTRmKqttAZZVU67bdb9Pr2vUHA8+j3i2tJfjO6C6+4myGTA==}
    engines: {node: 18 || 20 || >=22}

  brace-expansion@5.0.9:
    resolution: {integrity: sha512-ScQ4IuvIEF1TMlP7Zt+vjJ//9zlPb2SDcxWxM3bk8s6t6GGdJ7KO1dCcTidOPJKePW30LE/2cT7wCyPho9/Wxg==}
    engines: {node: 20 || >=22}

  citty@0.2.2:
    resolution: {integrity: sha512-+6vJA3L98yv+IdfKGZHBNiGW5KHn22e/JwID0Strsz8h4S/csAu/OuICwxrg44k5MRiZHWIo8XXuJgQTriRP4w==}

  commander@14.0.3:
    resolution: {integrity: sha512-H+y0Jo/T1RZ9qPP4Eh1pkcQcLRglraJaSLoyOtHxu6AapkjWVCy2Sit1QQ4x3Dng8qDlSsZEet7g5Pq06MvTgw==}
    engines: {node: '>=20'}

  deepmerge@4.3.1:
    resolution: {integrity: sha512-3sUqbMEc77XqpdNO7FRyRog+eW3ph+GYCbj+rK+uYyRMuwsVy0rMiVtPn+QJlKFvWP/1PYpapqYn0Me2knFn+A==}
    engines: {node: '>=0.10.0'}

  fast-string-truncated-width@3.0.3:
    resolution: {integrity: sha512-0jjjIEL6+0jag3l2XWWizO64/aZVtpiGE3t0Zgqxv0DPuxiMjvB3M24fCyhZUO4KomJQPj3LTSUnDP3GpdwC0g==}

  fast-string-width@3.0.2:
    resolution: {integrity: sha512-gX8LrtNEI5hq8DVUfRQMbr5lpaS4nMIWV+7XEbXk2b8kiQIizgnlr12B4dA3ZEx3308ze0O4Q1R+cHts8kyUJg==}

  fast-wrap-ansi@0.2.2:
    resolution: {integrity: sha512-7F2Fl+TjRSenLqlU3UjSH0iyqopqoZIu7eZVpEirP2g1GtWa2G/ecEmBdgz31+Mxr+ELclgg6sokpSFIQiZ02Q==}

  glob@13.0.6:
    resolution: {integrity: sha512-Wjlyrolmm8uDpm/ogGyXZXb1Z+Ca2B8NbJwqBVg0axK9GbBeoS7yGV6vjXnYdGm6X53iehEuxxbyiKp8QmN4Vw==}
    engines: {node: 18 || 20 || >=22}

  jsonc-parser@3.3.1:
    resolution: {integrity: sha512-HUgH65KyejrUFPvHFPbqOY0rsFip3Bo5wb4ngvdi1EpCYWUQDC5V+Y7mZws+DLkr4M//zQJoanu1SP+87Dv1oQ==}

  lru-cache@11.5.2:
    resolution: {integrity: sha512-4pfM1Ff0x50o0tQwb5ucw/RzNyD0/YJME6IVcStalZuMWxdt3sR3huStTtxz4PUmvZfRguvDejasvQ2kifR11g==}
    engines: {node: 20 || >=22}

  minimatch@10.2.6:
    resolution: {integrity: sha512-vpLQEs+VLCr1nU0BXS07maYoFwlDAH0gngQuuttxIwutDFEMHq2blX+8vpgxDdK3J1PwjCJiep77OitTZ4Ll1A==}
    engines: {node: 18 || 20 || >=22}

  minipass@7.1.3:
    resolution: {integrity: sha512-tEBHqDnIoM/1rXME1zgka9g6Q2lcoCkxHLuc7ODJ5BxbP5d4c2Z5cGgtXAku59200Cx7diuHTOYfSBD8n6mm8A==}
    engines: {node: '>=16 || 14 >=14.17'}

  nypm@0.6.9:
    resolution: {integrity: sha512-zxlE2yvSWZWmHcNdT3+5zV2lrCogeE9YOklHrR3dFjqutq5wO7GFDYLFDRXLsYnJzwvy/im9fYoxePvS0VTW0w==}
    engines: {node: '>=18'}
    hasBin: true

  path-scurry@2.0.2:
    resolution: {integrity: sha512-3O/iVVsJAPsOnpwWIeD+d6z/7PmqApyQePUtCndjatj/9I5LylHvt5qluFaBT3I5h3r1ejfR056c+FCv+NnNXg==}
    engines: {node: 18 || 20 || >=22}

  pathe@2.0.3:
    resolution: {integrity: sha512-WUjGcAqP1gQacoQe+OBJsFA7Ld4DyXuUIjZ5cc75cLHvJ7dtNsTugphxIADwspS+AraAUePCKrSVtPLFj/F88w==}

  sisteransi@1.0.5:
    resolution: {integrity: sha512-bLGGlR1QxBcynn2d5YmDX4MGjlZvy2MRBDRNHLJ8VI6l6+9FUiyTFNJ0IveOSP0bcXgVDPRcfGqA0pjaqUpfVg==}

  tinyexec@1.3.0:
    resolution: {integrity: sha512-QKAl9m8gWWGHV8jZcPeym6j+XULi6tOf1mT83WYJ4Lk2ytW/uwAWkrP0uFsdoYMdueVJ0qs26wZ+23xeB4ibNQ==}
    engines: {node: '>=18'}

  turbo@2.10.8:
    resolution: {integrity: sha512-9+8YX5QOkGXzZxcIykTHgaooRHGMWO+jfdyRK0o+rN0U7hBIig2MrJ8r/aNzIPDPhdA73SGb0O+tIztaModTMg==}
    hasBin: true

  typescript@5.9.2:
    resolution: {integrity: sha512-CWBzXQrc/qOkhidw1OzBTQuYRbfyxDXJMVJ1XNwUHGROVmuaeiEm3OslpZ1RV96d7SKKjZKrSJu3+t/xlw3R9A==}
    engines: {node: '>=14.17'}

  ultracite@7.2.4:
    resolution: {integrity: sha512-3b2g2pwZMDSd+PBK8pxYCjEoYaqVSgXD22HS22BxR8GfbmRXJ3VpNu5Z5lNywIxZXsJleWdpGPHibOPYr/xmKg==}
    hasBin: true
    peerDependencies:
      oxlint: ^1.0.0
    peerDependenciesMeta:
      oxlint:
        optional: true

snapshots:

  '@biomejs/biome@2.5.7':
    optionalDependencies:
      '@biomejs/cli-darwin-arm64': 2.5.7
      '@biomejs/cli-darwin-x64': 2.5.7
      '@biomejs/cli-linux-arm64': 2.5.7
      '@biomejs/cli-linux-arm64-musl': 2.5.7
      '@biomejs/cli-linux-x64': 2.5.7
      '@biomejs/cli-linux-x64-musl': 2.5.7
      '@biomejs/cli-win32-arm64': 2.5.7
      '@biomejs/cli-win32-x64': 2.5.7

  '@biomejs/cli-darwin-arm64@2.5.7':
    optional: true

  '@biomejs/cli-darwin-x64@2.5.7':
    optional: true

  '@biomejs/cli-linux-arm64-musl@2.5.7':
    optional: true

  '@biomejs/cli-linux-arm64@2.5.7':
    optional: true

  '@biomejs/cli-linux-x64-musl@2.5.7':
    optional: true

  '@biomejs/cli-linux-x64@2.5.7':
    optional: true

  '@biomejs/cli-win32-arm64@2.5.7':
    optional: true

  '@biomejs/cli-win32-x64@2.5.7':
    optional: true

  '@clack/core@1.4.3':
    dependencies:
      fast-wrap-ansi: 0.2.2
      sisteransi: 1.0.5

  '@clack/prompts@1.7.0':
    dependencies:
      '@clack/core': 1.4.3
      fast-string-width: 3.0.2
      fast-wrap-ansi: 0.2.2
      sisteransi: 1.0.5

  '@turbo/darwin-64@2.10.8':
    optional: true

  '@turbo/darwin-arm64@2.10.8':
    optional: true

  '@turbo/linux-64@2.10.8':
    optional: true

  '@turbo/linux-arm64@2.10.8':
    optional: true

  '@turbo/windows-64@2.10.8':
    optional: true

  '@turbo/windows-arm64@2.10.8':
    optional: true

  balanced-match@4.0.4: {}

  brace-expansion@5.0.9:
    dependencies:
      balanced-match: 4.0.4

  citty@0.2.2: {}

  commander@14.0.3: {}

  deepmerge@4.3.1: {}

  fast-string-truncated-width@3.0.3: {}

  fast-string-width@3.0.2:
    dependencies:
      fast-string-truncated-width: 3.0.3

  fast-wrap-ansi@0.2.2:
    dependencies:
      fast-string-width: 3.0.2

  glob@13.0.6:
    dependencies:
      minimatch: 10.2.6
      minipass: 7.1.3
      path-scurry: 2.0.2

  jsonc-parser@3.3.1: {}

  lru-cache@11.5.2: {}

  minimatch@10.2.6:
    dependencies:
      brace-expansion: 5.0.9

  minipass@7.1.3: {}

  nypm@0.6.9:
    dependencies:
      citty: 0.2.2
      pathe: 2.0.3
      tinyexec: 1.3.0

  path-scurry@2.0.2:
    dependencies:
      lru-cache: 11.5.2
      minipass: 7.1.3

  pathe@2.0.3: {}

  sisteransi@1.0.5: {}

  tinyexec@1.3.0: {}

  turbo@2.10.8:
    optionalDependencies:
      '@turbo/darwin-64': 2.10.8
      '@turbo/darwin-arm64': 2.10.8
      '@turbo/linux-64': 2.10.8
      '@turbo/linux-arm64': 2.10.8
      '@turbo/windows-64': 2.10.8
      '@turbo/windows-arm64': 2.10.8

  typescript@5.9.2: {}

  ultracite@7.2.4:
    dependencies:
      '@clack/prompts': 1.7.0
      commander: 14.0.3
      deepmerge: 4.3.1
      glob: 13.0.6
      jsonc-parser: 3.3.1
      nypm: 0.6.9
